
Microsoft Visual Studio Solution File, Format Version 12.00
Project("{FAE04EC0-301F-11D3-BF4B-00C04F79EFBC}") = "PearlCLR", "PearlCLR\PearlCLR.csproj", "{5CE18B92-D7C3-4AEC-81C6-BC1FC554EFF4}"
EndProject
Project("{FAE04EC0-301F-11D3-BF4B-00C04F79EFBC}") = "Demo", "Demo\Demo.csproj", "{CA2AD608-BD41-41C2-B9E5-1AF6DC6B5E37}"
EndProject
Project("{FAE04EC0-301F-11D3-BF4B-00C04F79EFBC}") = "PearlCLRExtensions", "PearlCLRExtensions\PearlCLRExtensions.csproj", "{66342DF3-1077-49D6-971C-303CE08FBFF8}"
EndProject
Project("{FAE04EC0-301F-11D3-BF4B-00C04F79EFBC}") = "PearlCLRRunner", "PearlCLRRunner\PearlCLRRunner.csproj", "{7FAB8BB7-AEFC-4977-928D-16F60B6A7C9B}"
EndProject
Global
	GlobalSection(SolutionConfigurationPlatforms) = preSolution
		Debug|Any CPU = Debug|Any CPU
		Release|Any CPU = Release|Any CPU
	EndGlobalSection
	GlobalSection(ProjectConfigurationPlatforms) = postSolution
		{5CE18B92-D7C3-4AEC-81C6-BC1FC554EFF4}.Debug|Any CPU.ActiveCfg = Debug|Any CPU
		{5CE18B92-D7C3-4AEC-81C6-BC1FC554EFF4}.Debug|Any CPU.Build.0 = Debug|Any CPU
		{5CE18B92-D7C3-4AEC-81C6-BC1FC554EFF4}.Release|Any CPU.ActiveCfg = Release|Any CPU
		{5CE18B92-D7C3-4AEC-81C6-BC1FC554EFF4}.Release|Any CPU.Build.0 = Release|Any CPU
		{CA2AD608-BD41-41C2-B9E5-1AF6DC6B5E37}.Debug|Any CPU.ActiveCfg = Debug|Any CPU
		{CA2AD608-BD41-41C2-B9E5-1AF6DC6B5E37}.Debug|Any CPU.Build.0 = Debug|Any CPU
		{CA2AD608-BD41-41C2-B9E5-1AF6DC6B5E37}.Release|Any CPU.ActiveCfg = Release|Any CPU
		{CA2AD608-BD41-41C2-B9E5-1AF6DC6B5E37}.Release|Any CPU.Build.0 = Release|Any CPU
		{66342DF3-1077-49D6-971C-303CE08FBFF8}.Debug|Any CPU.ActiveCfg = Debug|Any CPU
		{66342DF3-1077-49D6-971C-303CE08FBFF8}.Debug|Any CPU.Build.0 = Debug|Any CPU
		{66342DF3-1077-49D6-971C-303CE08FBFF8}.Release|Any CPU.ActiveCfg = Release|Any CPU
		{66342DF3-1077-49D6-971C-303CE08FBFF8}.Release|Any CPU.Build.0 = Release|Any CPU
		{7FAB8BB7-AEFC-4977-928D-16F60B6A7C9B}.Debug|Any CPU.ActiveCfg = Debug|Any CPU
		{7FAB8BB7-AEFC-4977-928D-16F60B6A7C9B}.Debug|Any CPU.Build.0 = Debug|Any CPU
		{7FAB8BB7-AEFC-4977-928D-16F60B6A7C9B}.Release|Any CPU.ActiveCfg = Release|Any CPU
		{7FAB8BB7-AEFC-4977-928D-16F60B6A7C9B}.Release|Any CPU.Build.0 = Release|Any CPU
	EndGlobalSection
EndGlobal
